
Microsoft Visual Studio Solution File, Format Version 12.00
Project("{FAE04EC0-301F-11D3-BF4B-00C04F79EFBC}") = "Renessance.Emulator", "Renessance.Emulator\Renessance.Emulator.csproj", "{5718FD89-74D8-4576-9E73-9CBE77EF769F}"
EndProject
Project("{FAE04EC0-301F-11D3-BF4B-00C04F79EFBC}") = "Renessance.Emulator.UnitTests", "Renessance.Emulator.UnitTests\Renessance.Emulator.UnitTests.csproj", "{CE433611-777E-47EF-8D57-B5F18D31AC91}"
EndProject
Global
	GlobalSection(SolutionConfigurationPlatforms) = preSolution
		Debug|Any CPU = Debug|Any CPU
		Release|Any CPU = Release|Any CPU
	EndGlobalSection
	GlobalSection(ProjectConfigurationPlatforms) = postSolution
		{5718FD89-74D8-4576-9E73-9CBE77EF769F}.Debug|Any CPU.ActiveCfg = Debug|Any CPU
		{5718FD89-74D8-4576-9E73-9CBE77EF769F}.Debug|Any CPU.Build.0 = Debug|Any CPU
		{5718FD89-74D8-4576-9E73-9CBE77EF769F}.Release|Any CPU.ActiveCfg = Release|Any CPU
		{5718FD89-74D8-4576-9E73-9CBE77EF769F}.Release|Any CPU.Build.0 = Release|Any CPU
		{CE433611-777E-47EF-8D57-B5F18D31AC91}.Debug|Any CPU.ActiveCfg = Debug|Any CPU
		{CE433611-777E-47EF-8D57-B5F18D31AC91}.Debug|Any CPU.Build.0 = Debug|Any CPU
		{CE433611-777E-47EF-8D57-B5F18D31AC91}.Release|Any CPU.ActiveCfg = Release|Any CPU
		{CE433611-777E-47EF-8D57-B5F18D31AC91}.Release|Any CPU.Build.0 = Release|Any CPU
	EndGlobalSection
EndGlobal
